
Microsoft Visual Studio Solution File, Format Version 12.00
# Visual Studio Version 17
VisualStudioVersion = 17.0.32112.339
MinimumVisualStudioVersion = 10.0.40219.1
Project("{FAE04EC0-301F-11D3-BF4B-00C04F79EFBC}") = "Адовая подготовка к экзамену)0))0", "Адовая подготовка к экзамену)0))0\Адовая подготовка к экзамену)0))0.csproj", "{C48ABA49-2D07-44AD-AF89-BC66539E1980}"
EndProject
Global
	GlobalSection(SolutionConfigurationPlatforms) = preSolution
		Debug|Any CPU = Debug|Any CPU
		Release|Any CPU = Release|Any CPU
	EndGlobalSection
	GlobalSection(ProjectConfigurationPlatforms) = postSolution
		{C48ABA49-2D07-44AD-AF89-BC66539E1980}.Debug|Any CPU.ActiveCfg = Debug|Any CPU
		{C48ABA49-2D07-44AD-AF89-BC66539E1980}.Debug|Any CPU.Build.0 = Debug|Any CPU
		{C48ABA49-2D07-44AD-AF89-BC66539E1980}.Release|Any CPU.ActiveCfg = Release|Any CPU
		{C48ABA49-2D07-44AD-AF89-BC66539E1980}.Release|Any CPU.Build.0 = Release|Any CPU
	EndGlobalSection
	GlobalSection(SolutionProperties) = preSolution
		HideSolutionNode = FALSE
	EndGlobalSection
	GlobalSection(ExtensibilityGlobals) = postSolution
		SolutionGuid = {26D2B0C8-64A0-49A2-B701-E91C381EF5F4}
	EndGlobalSection
EndGlobal
